
Microsoft Visual Studio Solution File, Format Version 12.00
# Visual Studio Version 17
VisualStudioVersion = 17.12.35707.178
MinimumVisualStudioVersion = 10.0.40219.1
Project("{FAE04EC0-301F-11D3-BF4B-00C04F79EFBC}") = "RedisSession", "RedisSession\RedisSession.csproj", "{18B248A3-FF0E-4FD9-80FE-52CA8E473A32}"
EndProject
Project("{FAE04EC0-301F-11D3-BF4B-00C04F79EFBC}") = "MyRedisSerializer", "MyRedisSerializer\MyRedisSerializer.csproj", "{DA6A1D6E-02C1-4D64-8783-05B70EDACEAB}"
EndProject
Project("{FAE04EC0-301F-11D3-BF4B-00C04F79EFBC}") = "RedisSessionNetCore", "RedisSessionNetCore\RedisSessionNetCore.csproj", "{6E7E419F-DA0B-4F90-B44E-1720DBF54931}"
EndProject
Global
	GlobalSection(SolutionConfigurationPlatforms) = preSolution
		Debug|Any CPU = Debug|Any CPU
		Release|Any CPU = Release|Any CPU
	EndGlobalSection
	GlobalSection(ProjectConfigurationPlatforms) = postSolution
		{18B248A3-FF0E-4FD9-80FE-52CA8E473A32}.Debug|Any CPU.ActiveCfg = Debug|Any CPU
		{18B248A3-FF0E-4FD9-80FE-52CA8E473A32}.Debug|Any CPU.Build.0 = Debug|Any CPU
		{18B248A3-FF0E-4FD9-80FE-52CA8E473A32}.Release|Any CPU.ActiveCfg = Release|Any CPU
		{18B248A3-FF0E-4FD9-80FE-52CA8E473A32}.Release|Any CPU.Build.0 = Release|Any CPU
		{DA6A1D6E-02C1-4D64-8783-05B70EDACEAB}.Debug|Any CPU.ActiveCfg = Debug|Any CPU
		{DA6A1D6E-02C1-4D64-8783-05B70EDACEAB}.Debug|Any CPU.Build.0 = Debug|Any CPU
		{DA6A1D6E-02C1-4D64-8783-05B70EDACEAB}.Release|Any CPU.ActiveCfg = Release|Any CPU
		{DA6A1D6E-02C1-4D64-8783-05B70EDACEAB}.Release|Any CPU.Build.0 = Release|Any CPU
		{6E7E419F-DA0B-4F90-B44E-1720DBF54931}.Debug|Any CPU.ActiveCfg = Debug|Any CPU
		{6E7E419F-DA0B-4F90-B44E-1720DBF54931}.Debug|Any CPU.Build.0 = Debug|Any CPU
		{6E7E419F-DA0B-4F90-B44E-1720DBF54931}.Release|Any CPU.ActiveCfg = Release|Any CPU
		{6E7E419F-DA0B-4F90-B44E-1720DBF54931}.Release|Any CPU.Build.0 = Release|Any CPU
	EndGlobalSection
	GlobalSection(SolutionProperties) = preSolution
		HideSolutionNode = FALSE
	EndGlobalSection
EndGlobal
